
Microsoft Visual Studio Solution File, Format Version 12.00
# Visual Studio Version 17
VisualStudioVersion = 17.8.34330.188
MinimumVisualStudioVersion = 10.0.40219.1
Project("{9A19103F-16F7-4668-BE54-9A1E7A4F7556}") = "ProjectCRUDTemplate.API", "ProjectCRUDTemplate.API.csproj", "{89EBE5D6-DDB1-40C5-90CF-C5C0D1F34333}"
EndProject
Project("{9A19103F-16F7-4668-BE54-9A1E7A4F7556}") = "ProjectCRUDTemplate.Infrustructure", "..\ProjectCRUDTemplate.Infrustructure\ProjectCRUDTemplate.Infrustructure.csproj", "{2C7EBA36-097D-4192-B552-2C6075DE14BE}"
EndProject
Project("{9A19103F-16F7-4668-BE54-9A1E7A4F7556}") = "ProjectCRUDTemplate.Core", "..\ProjectCRUDTemplate.Core\ProjectCRUDTemplate.Core.csproj", "{796C8418-4FAB-417C-B764-787BFB830B7B}"
EndProject
Project("{FAE04EC0-301F-11D3-BF4B-00C04F79EFBC}") = "ProjectCRUDTemplate.Application", "..\ProjectCRUDTemplate.Application\ProjectCRUDTemplate.Application.csproj", "{95C0F627-D1E9-47E7-8D9E-74F9D64EDEF6}"
EndProject
Global
	GlobalSection(SolutionConfigurationPlatforms) = preSolution
		Debug|Any CPU = Debug|Any CPU
		Release|Any CPU = Release|Any CPU
	EndGlobalSection
	GlobalSection(ProjectConfigurationPlatforms) = postSolution
		{89EBE5D6-DDB1-40C5-90CF-C5C0D1F34333}.Debug|Any CPU.ActiveCfg = Debug|Any CPU
		{89EBE5D6-DDB1-40C5-90CF-C5C0D1F34333}.Debug|Any CPU.Build.0 = Debug|Any CPU
		{89EBE5D6-DDB1-40C5-90CF-C5C0D1F34333}.Release|Any CPU.ActiveCfg = Release|Any CPU
		{89EBE5D6-DDB1-40C5-90CF-C5C0D1F34333}.Release|Any CPU.Build.0 = Release|Any CPU
		{2C7EBA36-097D-4192-B552-2C6075DE14BE}.Debug|Any CPU.ActiveCfg = Debug|Any CPU
		{2C7EBA36-097D-4192-B552-2C6075DE14BE}.Debug|Any CPU.Build.0 = Debug|Any CPU
		{2C7EBA36-097D-4192-B552-2C6075DE14BE}.Release|Any CPU.ActiveCfg = Release|Any CPU
		{2C7EBA36-097D-4192-B552-2C6075DE14BE}.Release|Any CPU.Build.0 = Release|Any CPU
		{796C8418-4FAB-417C-B764-787BFB830B7B}.Debug|Any CPU.ActiveCfg = Debug|Any CPU
		{796C8418-4FAB-417C-B764-787BFB830B7B}.Debug|Any CPU.Build.0 = Debug|Any CPU
		{796C8418-4FAB-417C-B764-787BFB830B7B}.Release|Any CPU.ActiveCfg = Release|Any CPU
		{796C8418-4FAB-417C-B764-787BFB830B7B}.Release|Any CPU.Build.0 = Release|Any CPU
		{95C0F627-D1E9-47E7-8D9E-74F9D64EDEF6}.Debug|Any CPU.ActiveCfg = Debug|Any CPU
		{95C0F627-D1E9-47E7-8D9E-74F9D64EDEF6}.Debug|Any CPU.Build.0 = Debug|Any CPU
		{95C0F627-D1E9-47E7-8D9E-74F9D64EDEF6}.Release|Any CPU.ActiveCfg = Release|Any CPU
		{95C0F627-D1E9-47E7-8D9E-74F9D64EDEF6}.Release|Any CPU.Build.0 = Release|Any CPU
	EndGlobalSection
	GlobalSection(SolutionProperties) = preSolution
		HideSolutionNode = FALSE
	EndGlobalSection
	GlobalSection(ExtensibilityGlobals) = postSolution
		SolutionGuid = {A01C4DD2-8E6A-468A-AACA-938CCCAF4A0C}
	EndGlobalSection
EndGlobal
